// !$*UTF8*$!
{
	archiveVersion = 1;
	classes = {
	};
	objectVersion = 46;
	objects = {

/* Begin PBXBuildFile section */
		E600A5F11674FF420078C898 /* Scene.cpp in Sources */ = {isa = PBXBuildFile; fileRef = E600A5EF1674FF420078C898 /* Scene.cpp */; };
		E600A5F7167534C10078C898 /* MoveToAction.cpp in Sources */ = {isa = PBXBuildFile; fileRef = E600A5F5167534C10078C898 /* MoveToAction.cpp */; };
		E647621C166FF8C5004765BC /* KeyboardHandler.cpp in Sources */ = {isa = PBXBuildFile; fileRef = E647621A166FF8C5004765BC /* KeyboardHandler.cpp */; };
		E6476220167011EE004765BC /* ActionManager.cpp in Sources */ = {isa = PBXBuildFile; fileRef = E647621E167011EE004765BC /* ActionManager.cpp */; };
		E6824414166812A00081973B /* main.cpp in Sources */ = {isa = PBXBuildFile; fileRef = E6824413166812A00081973B /* main.cpp */; };
		E6824416166812A00081973B /* Project.1 in CopyFiles */ = {isa = PBXBuildFile; fileRef = E6824415166812A00081973B /* Project.1 */; };
		E682441F166812EA0081973B /* GLKit.framework in Frameworks */ = {isa = PBXBuildFile; fileRef = E682441C166812EA0081973B /* GLKit.framework */; };
		E6824420166812EA0081973B /* GLUT.framework in Frameworks */ = {isa = PBXBuildFile; fileRef = E682441D166812EA0081973B /* GLUT.framework */; };
		E6824421166812EA0081973B /* OpenGL.framework in Frameworks */ = {isa = PBXBuildFile; fileRef = E682441E166812EA0081973B /* OpenGL.framework */; };
		E68EAF31166ECFBF00258D6E /* Director.cpp in Sources */ = {isa = PBXBuildFile; fileRef = E68EAF2F166ECFBF00258D6E /* Director.cpp */; };
		E69315C41676AC52003F1EF5 /* TestScene.cpp in Sources */ = {isa = PBXBuildFile; fileRef = E69315C21676AC52003F1EF5 /* TestScene.cpp */; };
		E69315C81676AD2D003F1EF5 /* VectorMan.cpp in Sources */ = {isa = PBXBuildFile; fileRef = E69315C61676AD2D003F1EF5 /* VectorMan.cpp */; };
		E69315CB1676C37E003F1EF5 /* ScaleToAction.cpp in Sources */ = {isa = PBXBuildFile; fileRef = E69315C91676C37E003F1EF5 /* ScaleToAction.cpp */; };
		E693F7AC167969CD005DBE7F /* SpawnAction.cpp in Sources */ = {isa = PBXBuildFile; fileRef = E693F7AA167969CD005DBE7F /* SpawnAction.cpp */; };
		E6A01F301677FFF500677105 /* SequenceAction.cpp in Sources */ = {isa = PBXBuildFile; fileRef = E6A01F2E1677FFF500677105 /* SequenceAction.cpp */; };
		E6B5A7011671585E00C2FA7C /* Action.cpp in Sources */ = {isa = PBXBuildFile; fileRef = E6B5A6FF1671585E00C2FA7C /* Action.cpp */; };
		E6E4221C166BC235007501B0 /* Node.cpp in Sources */ = {isa = PBXBuildFile; fileRef = E6E4221A166BC235007501B0 /* Node.cpp */; };
		E6E42224166BF5C5007501B0 /* Point.cpp in Sources */ = {isa = PBXBuildFile; fileRef = E6E42222166BF5C5007501B0 /* Point.cpp */; };
/* End PBXBuildFile section */

/* Begin PBXCopyFilesBuildPhase section */
		E682440D166812A00081973B /* CopyFiles */ = {
			isa = PBXCopyFilesBuildPhase;
			buildActionMask = 2147483647;
			dstPath = /usr/share/man/man1/;
			dstSubfolderSpec = 0;
			files = (
				E6824416166812A00081973B /* Project.1 in CopyFiles */,
			);
			runOnlyForDeploymentPostprocessing = 1;
		};
/* End PBXCopyFilesBuildPhase section */

/* Begin PBXFileReference section */
		E600A5EF1674FF420078C898 /* Scene.cpp */ = {isa = PBXFileReference; fileEncoding = 4; lastKnownFileType = sourcecode.cpp.cpp; path = Scene.cpp; sourceTree = "<group>"; };
		E600A5F01674FF420078C898 /* Scene.h */ = {isa = PBXFileReference; fileEncoding = 4; lastKnownFileType = sourcecode.c.h; path = Scene.h; sourceTree = "<group>"; };
		E600A5F5167534C10078C898 /* MoveToAction.cpp */ = {isa = PBXFileReference; fileEncoding = 4; lastKnownFileType = sourcecode.cpp.cpp; path = MoveToAction.cpp; sourceTree = "<group>"; };
		E600A5F6167534C10078C898 /* MoveToAction.h */ = {isa = PBXFileReference; fileEncoding = 4; lastKnownFileType = sourcecode.c.h; path = MoveToAction.h; sourceTree = "<group>"; };
		E647621A166FF8C5004765BC /* KeyboardHandler.cpp */ = {isa = PBXFileReference; fileEncoding = 4; lastKnownFileType = sourcecode.cpp.cpp; path = KeyboardHandler.cpp; sourceTree = "<group>"; };
		E647621B166FF8C5004765BC /* KeyboardHandler.h */ = {isa = PBXFileReference; fileEncoding = 4; lastKnownFileType = sourcecode.c.h; path = KeyboardHandler.h; sourceTree = "<group>"; };
		E647621E167011EE004765BC /* ActionManager.cpp */ = {isa = PBXFileReference; fileEncoding = 4; lastKnownFileType = sourcecode.cpp.cpp; path = ActionManager.cpp; sourceTree = "<group>"; };
		E647621F167011EE004765BC /* ActionManager.h */ = {isa = PBXFileReference; fileEncoding = 4; lastKnownFileType = sourcecode.c.h; path = ActionManager.h; sourceTree = "<group>"; };
		E682440F166812A00081973B /* Project */ = {isa = PBXFileReference; explicitFileType = "compiled.mach-o.executable"; includeInIndex = 0; path = Project; sourceTree = BUILT_PRODUCTS_DIR; };
		E6824413166812A00081973B /* main.cpp */ = {isa = PBXFileReference; lastKnownFileType = sourcecode.cpp.cpp; path = main.cpp; sourceTree = "<group>"; };
		E6824415166812A00081973B /* Project.1 */ = {isa = PBXFileReference; lastKnownFileType = text.man; path = Project.1; sourceTree = "<group>"; };
		E682441C166812EA0081973B /* GLKit.framework */ = {isa = PBXFileReference; lastKnownFileType = wrapper.framework; name = GLKit.framework; path = System/Library/Frameworks/GLKit.framework; sourceTree = SDKROOT; };
		E682441D166812EA0081973B /* GLUT.framework */ = {isa = PBXFileReference; lastKnownFileType = wrapper.framework; name = GLUT.framework; path = System/Library/Frameworks/GLUT.framework; sourceTree = SDKROOT; };
		E682441E166812EA0081973B /* OpenGL.framework */ = {isa = PBXFileReference; lastKnownFileType = wrapper.framework; name = OpenGL.framework; path = System/Library/Frameworks/OpenGL.framework; sourceTree = SDKROOT; };
		E68EAF2F166ECFBF00258D6E /* Director.cpp */ = {isa = PBXFileReference; fileEncoding = 4; lastKnownFileType = sourcecode.cpp.cpp; path = Director.cpp; sourceTree = "<group>"; };
		E68EAF30166ECFBF00258D6E /* Director.h */ = {isa = PBXFileReference; fileEncoding = 4; lastKnownFileType = sourcecode.c.h; path = Director.h; sourceTree = "<group>"; };
		E69315C21676AC52003F1EF5 /* TestScene.cpp */ = {isa = PBXFileReference; fileEncoding = 4; lastKnownFileType = sourcecode.cpp.cpp; path = TestScene.cpp; sourceTree = "<group>"; };
		E69315C31676AC52003F1EF5 /* TestScene.h */ = {isa = PBXFileReference; fileEncoding = 4; lastKnownFileType = sourcecode.c.h; path = TestScene.h; sourceTree = "<group>"; };
		E69315C61676AD2D003F1EF5 /* VectorMan.cpp */ = {isa = PBXFileReference; fileEncoding = 4; lastKnownFileType = sourcecode.cpp.cpp; path = VectorMan.cpp; sourceTree = "<group>"; };
		E69315C71676AD2D003F1EF5 /* VectorMan.h */ = {isa = PBXFileReference; fileEncoding = 4; lastKnownFileType = sourcecode.c.h; path = VectorMan.h; sourceTree = "<group>"; };
		E69315C91676C37E003F1EF5 /* ScaleToAction.cpp */ = {isa = PBXFileReference; fileEncoding = 4; lastKnownFileType = sourcecode.cpp.cpp; path = ScaleToAction.cpp; sourceTree = "<group>"; };
		E69315CA1676C37E003F1EF5 /* ScaleToAction.h */ = {isa = PBXFileReference; fileEncoding = 4; lastKnownFileType = sourcecode.c.h; path = ScaleToAction.h; sourceTree = "<group>"; };
		E693F7AA167969CD005DBE7F /* SpawnAction.cpp */ = {isa = PBXFileReference; fileEncoding = 4; lastKnownFileType = sourcecode.cpp.cpp; path = SpawnAction.cpp; sourceTree = "<group>"; };
		E693F7AB167969CD005DBE7F /* SpawnAction.h */ = {isa = PBXFileReference; fileEncoding = 4; lastKnownFileType = sourcecode.c.h; path = SpawnAction.h; sourceTree = "<group>"; };
		E6A01F2E1677FFF500677105 /* SequenceAction.cpp */ = {isa = PBXFileReference; fileEncoding = 4; lastKnownFileType = sourcecode.cpp.cpp; path = SequenceAction.cpp; sourceTree = "<group>"; };
		E6A01F2F1677FFF500677105 /* SequenceAction.h */ = {isa = PBXFileReference; fileEncoding = 4; lastKnownFileType = sourcecode.c.h; path = SequenceAction.h; sourceTree = "<group>"; };
		E6B5A6FF1671585E00C2FA7C /* Action.cpp */ = {isa = PBXFileReference; fileEncoding = 4; lastKnownFileType = sourcecode.cpp.cpp; path = Action.cpp; sourceTree = "<group>"; };
		E6B5A7001671585E00C2FA7C /* Action.h */ = {isa = PBXFileReference; fileEncoding = 4; lastKnownFileType = sourcecode.c.h; path = Action.h; sourceTree = "<group>"; };
		E6E4221A166BC235007501B0 /* Node.cpp */ = {isa = PBXFileReference; fileEncoding = 4; lastKnownFileType = sourcecode.cpp.cpp; path = Node.cpp; sourceTree = "<group>"; };
		E6E4221B166BC235007501B0 /* Node.h */ = {isa = PBXFileReference; fileEncoding = 4; lastKnownFileType = sourcecode.c.h; path = Node.h; sourceTree = "<group>"; };
		E6E42222166BF5C5007501B0 /* Point.cpp */ = {isa = PBXFileReference; fileEncoding = 4; lastKnownFileType = sourcecode.cpp.cpp; path = Point.cpp; sourceTree = "<group>"; };
		E6E42223166BF5C5007501B0 /* Point.h */ = {isa = PBXFileReference; fileEncoding = 4; lastKnownFileType = sourcecode.c.h; path = Point.h; sourceTree = "<group>"; };
/* End PBXFileReference section */

/* Begin PBXFrameworksBuildPhase section */
		E682440C166812A00081973B /* Frameworks */ = {
			isa = PBXFrameworksBuildPhase;
			buildActionMask = 2147483647;
			files = (
				E682441F166812EA0081973B /* GLKit.framework in Frameworks */,
				E6824420166812EA0081973B /* GLUT.framework in Frameworks */,
				E6824421166812EA0081973B /* OpenGL.framework in Frameworks */,
			);
			runOnlyForDeploymentPostprocessing = 0;
		};
/* End PBXFrameworksBuildPhase section */

/* Begin PBXGroup section */
		E600A5ED1674FF270078C898 /* Nodes */ = {
			isa = PBXGroup;
			children = (
				E6E4221B166BC235007501B0 /* Node.h */,
				E6E4221A166BC235007501B0 /* Node.cpp */,
				E600A5F01674FF420078C898 /* Scene.h */,
				E600A5EF1674FF420078C898 /* Scene.cpp */,
				E69315C71676AD2D003F1EF5 /* VectorMan.h */,
				E69315C61676AD2D003F1EF5 /* VectorMan.cpp */,
			);
			name = Nodes;
			sourceTree = "<group>";
		};
		E6476221167012DB004765BC /* Actions */ = {
			isa = PBXGroup;
			children = (
				E647621F167011EE004765BC /* ActionManager.h */,
				E647621E167011EE004765BC /* ActionManager.cpp */,
				E6B5A7001671585E00C2FA7C /* Action.h */,
				E6B5A6FF1671585E00C2FA7C /* Action.cpp */,
				E600A5F6167534C10078C898 /* MoveToAction.h */,
				E600A5F5167534C10078C898 /* MoveToAction.cpp */,
				E69315CA1676C37E003F1EF5 /* ScaleToAction.h */,
				E69315C91676C37E003F1EF5 /* ScaleToAction.cpp */,
				E6A01F2F1677FFF500677105 /* SequenceAction.h */,
				E6A01F2E1677FFF500677105 /* SequenceAction.cpp */,
				E693F7AB167969CD005DBE7F /* SpawnAction.h */,
				E693F7AA167969CD005DBE7F /* SpawnAction.cpp */,
			);
			name = Actions;
			sourceTree = "<group>";
		};
		E6824404166812A00081973B = {
			isa = PBXGroup;
			children = (
				E682441C166812EA0081973B /* GLKit.framework */,
				E682441D166812EA0081973B /* GLUT.framework */,
				E682441E166812EA0081973B /* OpenGL.framework */,
				E6824412166812A00081973B /* Project */,
				E6824410166812A00081973B /* Products */,
			);
			sourceTree = "<group>";
		};
		E6824410166812A00081973B /* Products */ = {
			isa = PBXGroup;
			children = (
				E682440F166812A00081973B /* Project */,
			);
			name = Products;
			sourceTree = "<group>";
		};
		E6824412166812A00081973B /* Project */ = {
			isa = PBXGroup;
			children = (
				E6E42223166BF5C5007501B0 /* Point.h */,
				E6E42222166BF5C5007501B0 /* Point.cpp */,
				E68EAF30166ECFBF00258D6E /* Director.h */,
				E68EAF2F166ECFBF00258D6E /* Director.cpp */,
				E647621B166FF8C5004765BC /* KeyboardHandler.h */,
				E647621A166FF8C5004765BC /* KeyboardHandler.cpp */,
				E600A5ED1674FF270078C898 /* Nodes */,
				E6476221167012DB004765BC /* Actions */,
				E69315C31676AC52003F1EF5 /* TestScene.h */,
				E69315C21676AC52003F1EF5 /* TestScene.cpp */,
				E6824413166812A00081973B /* main.cpp */,
				E6824415166812A00081973B /* Project.1 */,
			);
			path = Project;
			sourceTree = "<group>";
		};
/* End PBXGroup section */

/* Begin PBXNativeTarget section */
		E682440E166812A00081973B /* Project */ = {
			isa = PBXNativeTarget;
			buildConfigurationList = E6824419166812A00081973B /* Build configuration list for PBXNativeTarget "Project" */;
			buildPhases = (
				E682440B166812A00081973B /* Sources */,
				E682440C166812A00081973B /* Frameworks */,
				E682440D166812A00081973B /* CopyFiles */,
			);
			buildRules = (
			);
			dependencies = (
			);
			name = Project;
			productName = Project;
			productReference = E682440F166812A00081973B /* Project */;
			productType = "com.apple.product-type.tool";
		};
/* End PBXNativeTarget section */

/* Begin PBXProject section */
		E6824406166812A00081973B /* Project object */ = {
			isa = PBXProject;
			attributes = {
				LastUpgradeCheck = 0450;
				ORGANIZATIONNAME = IntrepidPursuits;
			};
			buildConfigurationList = E6824409166812A00081973B /* Build configuration list for PBXProject "Project" */;
			compatibilityVersion = "Xcode 3.2";
			developmentRegion = English;
			hasScannedForEncodings = 0;
			knownRegions = (
				en,
			);
			mainGroup = E6824404166812A00081973B;
			productRefGroup = E6824410166812A00081973B /* Products */;
			projectDirPath = "";
			projectRoot = "";
			targets = (
				E682440E166812A00081973B /* Project */,
			);
		};
/* End PBXProject section */

/* Begin PBXSourcesBuildPhase section */
		E682440B166812A00081973B /* Sources */ = {
			isa = PBXSourcesBuildPhase;
			buildActionMask = 2147483647;
			files = (
				E6824414166812A00081973B /* main.cpp in Sources */,
				E6E4221C166BC235007501B0 /* Node.cpp in Sources */,
				E6E42224166BF5C5007501B0 /* Point.cpp in Sources */,
				E68EAF31166ECFBF00258D6E /* Director.cpp in Sources */,
				E647621C166FF8C5004765BC /* KeyboardHandler.cpp in Sources */,
				E6476220167011EE004765BC /* ActionManager.cpp in Sources */,
				E6B5A7011671585E00C2FA7C /* Action.cpp in Sources */,
				E600A5F11674FF420078C898 /* Scene.cpp in Sources */,
				E600A5F7167534C10078C898 /* MoveToAction.cpp in Sources */,
				E69315C41676AC52003F1EF5 /* TestScene.cpp in Sources */,
				E69315C81676AD2D003F1EF5 /* VectorMan.cpp in Sources */,
				E69315CB1676C37E003F1EF5 /* ScaleToAction.cpp in Sources */,
				E6A01F301677FFF500677105 /* SequenceAction.cpp in Sources */,
				E693F7AC167969CD005DBE7F /* SpawnAction.cpp in Sources */,
			);
			runOnlyForDeploymentPostprocessing = 0;
		};
/* End PBXSourcesBuildPhase section */

/* Begin XCBuildConfiguration section */
		E6824417166812A00081973B /* Debug */ = {
			isa = XCBuildConfiguration;
			buildSettings = {
				ALWAYS_SEARCH_USER_PATHS = NO;
				ARCHS = "$(ARCHS_STANDARD_64_BIT)";
				CLANG_CXX_LANGUAGE_STANDARD = "gnu++0x";
				CLANG_CXX_LIBRARY = "libc++";
				CLANG_WARN_EMPTY_BODY = YES;
				CLANG_WARN__DUPLICATE_METHOD_MATCH = YES;
				COPY_PHASE_STRIP = NO;
				GCC_C_LANGUAGE_STANDARD = gnu99;
				GCC_DYNAMIC_NO_PIC = NO;
				GCC_ENABLE_OBJC_EXCEPTIONS = YES;
				GCC_OPTIMIZATION_LEVEL = 0;
				GCC_PREPROCESSOR_DEFINITIONS = (
					"DEBUG=1",
					"$(inherited)",
				);
				GCC_SYMBOLS_PRIVATE_EXTERN = NO;
				GCC_WARN_64_TO_32_BIT_CONVERSION = YES;
				GCC_WARN_ABOUT_RETURN_TYPE = YES;
				GCC_WARN_UNINITIALIZED_AUTOS = YES;
				GCC_WARN_UNUSED_VARIABLE = YES;
				MACOSX_DEPLOYMENT_TARGET = 10.8;
				ONLY_ACTIVE_ARCH = YES;
				SDKROOT = macosx;
			};
			name = Debug;
		};
		E6824418166812A00081973B /* Release */ = {
			isa = XCBuildConfiguration;
			buildSettings = {
				ALWAYS_SEARCH_USER_PATHS = NO;
				ARCHS = "$(ARCHS_STANDARD_64_BIT)";
				CLANG_CXX_LANGUAGE_STANDARD = "gnu++0x";
				CLANG_CXX_LIBRARY = "libc++";
				CLANG_WARN_EMPTY_BODY = YES;
				CLANG_WARN__DUPLICATE_METHOD_MATCH = YES;
				COPY_PHASE_STRIP = YES;
				DEBUG_INFORMATION_FORMAT = "dwarf-with-dsym";
				GCC_C_LANGUAGE_STANDARD = gnu99;
				GCC_ENABLE_OBJC_EXCEPTIONS = YES;
				GCC_WARN_64_TO_32_BIT_CONVERSION = YES;
				GCC_WARN_ABOUT_RETURN_TYPE = YES;
				GCC_WARN_UNINITIALIZED_AUTOS = YES;
				GCC_WARN_UNUSED_VARIABLE = YES;
				MACOSX_DEPLOYMENT_TARGET = 10.8;
				SDKROOT = macosx;
			};
			name = Release;
		};
		E682441A166812A00081973B /* Debug */ = {
			isa = XCBuildConfiguration;
			buildSettings = {
				PRODUCT_NAME = "$(TARGET_NAME)";
			};
			name = Debug;
		};
		E682441B166812A00081973B /* Release */ = {
			isa = XCBuildConfiguration;
			buildSettings = {
				PRODUCT_NAME = "$(TARGET_NAME)";
			};
			name = Release;
		};
/* End XCBuildConfiguration section */

/* Begin XCConfigurationList section */
		E6824409166812A00081973B /* Build configuration list for PBXProject "Project" */ = {
			isa = XCConfigurationList;
			buildConfigurations = (
				E6824417166812A00081973B /* Debug */,
				E6824418166812A00081973B /* Release */,
			);
			defaultConfigurationIsVisible = 0;
			defaultConfigurationName = Release;
		};
		E6824419166812A00081973B /* Build configuration list for PBXNativeTarget "Project" */ = {
			isa = XCConfigurationList;
			buildConfigurations = (
				E682441A166812A00081973B /* Debug */,
				E682441B166812A00081973B /* Release */,
			);
			defaultConfigurationIsVisible = 0;
			defaultConfigurationName = Release;
		};
/* End XCConfigurationList section */
	};
	rootObject = E6824406166812A00081973B /* Project object */;
}
